
Microsoft Visual Studio Solution File, Format Version 12.00
# Visual Studio Version 16
VisualStudioVersion = 16.0.31205.134
MinimumVisualStudioVersion = 10.0.40219.1
Project("{FAE04EC0-301F-11D3-BF4B-00C04F79EFBC}") = "ChiaAdmin.Service", "ChiaAdmin.Service\ChiaAdmin.Service.csproj", "{D2DC5976-B48F-4197-BFD0-711850ED1824}"
EndProject
Global
	GlobalSection(SolutionConfigurationPlatforms) = preSolution
		Debug|Any CPU = Debug|Any CPU
		Release|Any CPU = Release|Any CPU
	EndGlobalSection
	GlobalSection(ProjectConfigurationPlatforms) = postSolution
		{D2DC5976-B48F-4197-BFD0-711850ED1824}.Debug|Any CPU.ActiveCfg = Debug|Any CPU
		{D2DC5976-B48F-4197-BFD0-711850ED1824}.Debug|Any CPU.Build.0 = Debug|Any CPU
		{D2DC5976-B48F-4197-BFD0-711850ED1824}.Release|Any CPU.ActiveCfg = Release|Any CPU
		{D2DC5976-B48F-4197-BFD0-711850ED1824}.Release|Any CPU.Build.0 = Release|Any CPU
	EndGlobalSection
	GlobalSection(SolutionProperties) = preSolution
		HideSolutionNode = FALSE
	EndGlobalSection
	GlobalSection(ExtensibilityGlobals) = postSolution
		SolutionGuid = {FE27FE21-43A6-4922-B987-5A3BCE1392A8}
	EndGlobalSection
EndGlobal
